
Microsoft Visual Studio Solution File, Format Version 12.00
# Visual Studio 15
VisualStudioVersion = 15.0.28307.329
MinimumVisualStudioVersion = 10.0.40219.1
Project("{FAE04EC0-301F-11D3-BF4B-00C04F79EFBC}") = "Scram", "Scram\Scram.csproj", "{6613F7F5-D8F7-4F34-B87A-39421EE24623}"
EndProject
Global
	GlobalSection(SolutionConfigurationPlatforms) = preSolution
		Debug|Any CPU = Debug|Any CPU
		Release|Any CPU = Release|Any CPU
	EndGlobalSection
	GlobalSection(ProjectConfigurationPlatforms) = postSolution
		{6613F7F5-D8F7-4F34-B87A-39421EE24623}.Debug|Any CPU.ActiveCfg = Debug|Any CPU
		{6613F7F5-D8F7-4F34-B87A-39421EE24623}.Debug|Any CPU.Build.0 = Debug|Any CPU
		{6613F7F5-D8F7-4F34-B87A-39421EE24623}.Release|Any CPU.ActiveCfg = Release|Any CPU
		{6613F7F5-D8F7-4F34-B87A-39421EE24623}.Release|Any CPU.Build.0 = Release|Any CPU
	EndGlobalSection
	GlobalSection(SolutionProperties) = preSolution
		HideSolutionNode = FALSE
	EndGlobalSection
	GlobalSection(ExtensibilityGlobals) = postSolution
		SolutionGuid = {53E62BE5-5BFF-4350-B421-7B34D31C1763}
	EndGlobalSection
EndGlobal
